
Microsoft Visual Studio Solution File, Format Version 11.00
# Visual Web Developer Express 2010
Project("{FAE04EC0-301F-11D3-BF4B-00C04F79EFBC}") = "ExiledToolkit", "ExiledToolkit\ExiledToolkit.csproj", "{78D1D624-49CC-47B5-8C65-F4BB0FBA181A}"
EndProject
Global
	GlobalSection(SolutionConfigurationPlatforms) = preSolution
		Debug|Any CPU = Debug|Any CPU
		Release|Any CPU = Release|Any CPU
	EndGlobalSection
	GlobalSection(ProjectConfigurationPlatforms) = postSolution
		{78D1D624-49CC-47B5-8C65-F4BB0FBA181A}.Debug|Any CPU.ActiveCfg = Debug|Any CPU
		{78D1D624-49CC-47B5-8C65-F4BB0FBA181A}.Debug|Any CPU.Build.0 = Debug|Any CPU
		{78D1D624-49CC-47B5-8C65-F4BB0FBA181A}.Release|Any CPU.ActiveCfg = Release|Any CPU
		{78D1D624-49CC-47B5-8C65-F4BB0FBA181A}.Release|Any CPU.Build.0 = Release|Any CPU
	EndGlobalSection
	GlobalSection(SolutionProperties) = preSolution
		HideSolutionNode = FALSE
	EndGlobalSection
EndGlobal
